<?xml version="1.0" encoding="utf-8"?>
<Project ToolsVersion="4.0" xmlns="http://schemas.microsoft.com/developer/msbuild/2003">
  <ItemGroup>
    <Filter Include="Source">
      <UniqueIdentifier>{93995380-89BD-4b04-88EB-625FBE52EBFB}</UniqueIdentifier>
      <Extensions>h;hh;hpp;hxx;hm;inl;inc;xsd</Extensions>
    </Filter>
    <Filter Include="Source\gameobject">
      <UniqueIdentifier>{210fb017-a174-4e25-bb2c-33793e0bf3a7}</UniqueIdentifier>
    </Filter>
    <Filter Include="Source\graphics">
      <UniqueIdentifier>{a97c6ffa-7d31-4083-9cf3-7b2edd244367}</UniqueIdentifier>
    </Filter>
    <Filter Include="Source\physics">
      <UniqueIdentifier>{500e894e-dbaa-4c18-b3c0-3670e1d1aba9}</UniqueIdentifier>
    </Filter>
    <Filter Include="Source\system">
      <UniqueIdentifier>{b813d223-2b8a-4fee-8712-962b95582cb5}</UniqueIdentifier>
    </Filter>
    <Filter Include="Source\gameplay">
      <UniqueIdentifier>{902eca2b-21d9-4626-ad11-030624fde3f1}</UniqueIdentifier>
    </Filter>
    <Filter Include="Resource">
      <UniqueIdentifier>{57b70e9e-3e10-4510-abf0-03651d34c083}</UniqueIdentifier>
    </Filter>
    <Filter Include="Resource\data">
      <UniqueIdentifier>{15fa5242-fc6e-447a-a68c-48dcee8ef08f}</UniqueIdentifier>
    </Filter>
    <Filter Include="Resource\shader">
      <UniqueIdentifier>{7998a311-dd0e-4cde-bf86-74b855ca2eaa}</UniqueIdentifier>
    </Filter>
  </ItemGroup>
  <ItemGroup>
    <ClInclude Include="system\SystemClass.h">
      <Filter>Source\system</Filter>
    </ClInclude>
    <ClInclude Include="system\TimerClass.h">
      <Filter>Source\system</Filter>
    </ClInclude>
    <ClInclude Include="system\InputClass.h">
      <Filter>Source\system</Filter>
    </ClInclude>
    <ClInclude Include="physics\PhysicsClass.h">
      <Filter>Source\physics</Filter>
    </ClInclude>
    <ClInclude Include="graphics\GraphicsClass.h">
      <Filter>Source\graphics</Filter>
    </ClInclude>
    <ClInclude Include="graphics\LightClass.h">
      <Filter>Source\graphics</Filter>
    </ClInclude>
    <ClInclude Include="graphics\LightShaderClass.h">
      <Filter>Source\graphics</Filter>
    </ClInclude>
    <ClInclude Include="graphics\ModelClass.h">
      <Filter>Source\graphics</Filter>
    </ClInclude>
    <ClInclude Include="graphics\TextureClass.h">
      <Filter>Source\graphics</Filter>
    </ClInclude>
    <ClInclude Include="graphics\TextureShaderClass.h">
      <Filter>Source\graphics</Filter>
    </ClInclude>
    <ClInclude Include="graphics\CartoonShaderClass.h">
      <Filter>Source\graphics</Filter>
    </ClInclude>
    <ClInclude Include="graphics\ColorShaderClass.h">
      <Filter>Source\graphics</Filter>
    </ClInclude>
    <ClInclude Include="graphics\D3DClass.h">
      <Filter>Source\graphics</Filter>
    </ClInclude>
    <ClInclude Include="graphics\GraphicsComponentClass.h">
      <Filter>Source\graphics</Filter>
    </ClInclude>
    <ClInclude Include="graphics\TextureMapClass.h">
      <Filter>Source\graphics</Filter>
    </ClInclude>
    <ClInclude Include="graphics\ModelMapClass.h">
      <Filter>Source\graphics</Filter>
    </ClInclude>
    <ClInclude Include="gameobject\GameObjectClass.h">
      <Filter>Source\gameobject</Filter>
    </ClInclude>
    <ClInclude Include="physics\PhysicsComponentClass.h">
      <Filter>Source\physics</Filter>
    </ClInclude>
    <ClInclude Include="gameobject\GameObjectListClass.h">
      <Filter>Source\gameobject</Filter>
    </ClInclude>
    <ClInclude Include="gameobject\GameSceneClass.h">
      <Filter>Source\gameobject</Filter>
    </ClInclude>
    <ClInclude Include="physics\MathHeader.h">
      <Filter>Source\physics</Filter>
    </ClInclude>
    <ClInclude Include="physics\ColliderClass.h">
      <Filter>Source\physics</Filter>
    </ClInclude>
    <ClInclude Include="physics\SphereColliderClass.h">
      <Filter>Source\physics</Filter>
    </ClInclude>
    <ClInclude Include="physics\CollisionDetectorClass.h">
      <Filter>Source\physics</Filter>
    </ClInclude>
    <ClInclude Include="gameobject\GameSceneSystemClass.h">
      <Filter>Source\gameobject</Filter>
    </ClInclude>
    <ClInclude Include="physics\ForceGeneratorClass.h">
      <Filter>Source\physics</Filter>
    </ClInclude>
    <ClInclude Include="physics\ForceRegistryClass.h">
      <Filter>Source\physics</Filter>
    </ClInclude>
    <ClInclude Include="physics\FrictionForceClass.h">
      <Filter>Source\physics</Filter>
    </ClInclude>
    <ClInclude Include="physics\GravityForceClass.h">
      <Filter>Source\physics</Filter>
    </ClInclude>
    <ClInclude Include="physics\ImpulseForceClass.h">
      <Filter>Source\physics</Filter>
    </ClInclude>
    <ClInclude Include="physics\AabbColliderClass.h">
      <Filter>Source\physics</Filter>
    </ClInclude>
    <ClInclude Include="graphics\FontClass.h">
      <Filter>Source\graphics</Filter>
    </ClInclude>
    <ClInclude Include="gameobject\CameraClass.h">
      <Filter>Source\gameobject</Filter>
    </ClInclude>
    <ClInclude Include="graphics\FontShaderClass.h">
      <Filter>Source\graphics</Filter>
    </ClInclude>
    <ClInclude Include="BitmapStruct.h">
      <Filter>Source\graphics</Filter>
    </ClInclude>
    <ClInclude Include="gameplay\Stick.h">
      <Filter>Source\gameplay</Filter>
    </ClInclude>
    <ClInclude Include="gameplay\Subline.h">
      <Filter>Source\gameplay</Filter>
    </ClInclude>
    <ClInclude Include="gameplay\Table.h">
      <Filter>Source\gameplay</Filter>
    </ClInclude>
    <ClInclude Include="gameplay\Title.h">
      <Filter>Source\gameplay</Filter>
    </ClInclude>
    <ClInclude Include="gameplay\Ball.h">
      <Filter>Source\gameplay</Filter>
    </ClInclude>
    <ClInclude Include="gameplay\Desktop.h">
      <Filter>Source\gameplay</Filter>
    </ClInclude>
    <ClInclude Include="gameplay\Edge.h">
      <Filter>Source\gameplay</Filter>
    </ClInclude>
    <ClInclude Include="gameplay\Hole.h">
      <Filter>Source\gameplay</Filter>
    </ClInclude>
    <ClInclude Include="gameplay\Monitor.h">
      <Filter>Source\gameplay</Filter>
    </ClInclude>
    <ClInclude Include="gameplay\SceneMenu.h">
      <Filter>Source\gameplay</Filter>
    </ClInclude>
    <ClInclude Include="gameplay\SceneOne.h">
      <Filter>Source\gameplay</Filter>
    </ClInclude>
    <ClInclude Include="gameplay\ScenePlay.h">
      <Filter>Source\gameplay</Filter>
    </ClInclude>
    <ClInclude Include="graphics\BitmapMapClass.h">
      <Filter>Source\graphics</Filter>
    </ClInclude>
    <ClInclude Include="graphics\bitmapclass.h">
      <Filter>Source\graphics</Filter>
    </ClInclude>
  </ItemGroup>
  <ItemGroup>
    <ClCompile Include="system\SystemClass.cpp">
      <Filter>Source\system</Filter>
    </ClCompile>
    <ClCompile Include="system\TimerClass.cpp">
      <Filter>Source\system</Filter>
    </ClCompile>
    <ClCompile Include="system\InputClass.cpp">
      <Filter>Source\system</Filter>
    </ClCompile>
    <ClCompile Include="system\Main.cpp">
      <Filter>Source\system</Filter>
    </ClCompile>
    <ClCompile Include="physics\PhysicsClass.cpp">
      <Filter>Source\physics</Filter>
    </ClCompile>
    <ClCompile Include="graphics\GraphicsClass.cpp">
      <Filter>Source\graphics</Filter>
    </ClCompile>
    <ClCompile Include="graphics\LightClass.cpp">
      <Filter>Source\graphics</Filter>
    </ClCompile>
    <ClCompile Include="graphics\LightShaderClass.cpp">
      <Filter>Source\graphics</Filter>
    </ClCompile>
    <ClCompile Include="graphics\ModelClass.cpp">
      <Filter>Source\graphics</Filter>
    </ClCompile>
    <ClCompile Include="graphics\TextureClass.cpp">
      <Filter>Source\graphics</Filter>
    </ClCompile>
    <ClCompile Include="graphics\TextureShaderClass.cpp">
      <Filter>Source\graphics</Filter>
    </ClCompile>
    <ClCompile Include="graphics\CartoonShaderClass.cpp">
      <Filter>Source\graphics</Filter>
    </ClCompile>
    <ClCompile Include="graphics\ColorShaderClass.cpp">
      <Filter>Source\graphics</Filter>
    </ClCompile>
    <ClCompile Include="graphics\D3DClass.cpp">
      <Filter>Source\graphics</Filter>
    </ClCompile>
    <ClCompile Include="graphics\GraphicsComponentClass.cpp">
      <Filter>Source\graphics</Filter>
    </ClCompile>
    <ClCompile Include="graphics\TextureMapClass.cpp">
      <Filter>Source\graphics</Filter>
    </ClCompile>
    <ClCompile Include="graphics\ModelMapClass.cpp">
      <Filter>Source\graphics</Filter>
    </ClCompile>
    <ClCompile Include="gameobject\GameObjectClass.cpp">
      <Filter>Source\gameobject</Filter>
    </ClCompile>
    <ClCompile Include="physics\PhysicsComponentClass.cpp">
      <Filter>Source\physics</Filter>
    </ClCompile>
    <ClCompile Include="gameobject\GameObjectListClass.cpp">
      <Filter>Source\gameobject</Filter>
    </ClCompile>
    <ClCompile Include="gameobject\GameSceneClass.cpp">
      <Filter>Source\gameobject</Filter>
    </ClCompile>
    <ClCompile Include="physics\ColliderClass.cpp">
      <Filter>Source\physics</Filter>
    </ClCompile>
    <ClCompile Include="physics\SphereColliderClass.cpp">
      <Filter>Source\physics</Filter>
    </ClCompile>
    <ClCompile Include="physics\CollisionDetectorClass.cpp">
      <Filter>Source\physics</Filter>
    </ClCompile>
    <ClCompile Include="gameobject\GameSceneSystemClass.cpp">
      <Filter>Source\gameobject</Filter>
    </ClCompile>
    <ClCompile Include="physics\ForceGeneratorClass.cpp">
      <Filter>Source\physics</Filter>
    </ClCompile>
    <ClCompile Include="physics\ForceRegistryClass.cpp">
      <Filter>Source\physics</Filter>
    </ClCompile>
    <ClCompile Include="physics\FrictionForceClass.cpp">
      <Filter>Source\physics</Filter>
    </ClCompile>
    <ClCompile Include="physics\GravityForceClass.cpp">
      <Filter>Source\physics</Filter>
    </ClCompile>
    <ClCompile Include="physics\ImpulseForceClass.cpp">
      <Filter>Source\physics</Filter>
    </ClCompile>
    <ClCompile Include="physics\AabbColliderClass.cpp">
      <Filter>Source\physics</Filter>
    </ClCompile>
    <ClCompile Include="graphics\FontClass.cpp">
      <Filter>Source\graphics</Filter>
    </ClCompile>
    <ClCompile Include="gameobject\CameraClass.cpp">
      <Filter>Source\gameobject</Filter>
    </ClCompile>
    <ClCompile Include="graphics\FontShaderClass.cpp">
      <Filter>Source\graphics</Filter>
    </ClCompile>
    <ClCompile Include="gameplay\Stick.cpp">
      <Filter>Source\gameplay</Filter>
    </ClCompile>
    <ClCompile Include="gameplay\Subline.cpp">
      <Filter>Source\gameplay</Filter>
    </ClCompile>
    <ClCompile Include="gameplay\Table.cpp">
      <Filter>Source\gameplay</Filter>
    </ClCompile>
    <ClCompile Include="gameplay\Title.cpp">
      <Filter>Source\gameplay</Filter>
    </ClCompile>
    <ClCompile Include="gameplay\Ball.cpp">
      <Filter>Source\gameplay</Filter>
    </ClCompile>
    <ClCompile Include="gameplay\Desktop.cpp">
      <Filter>Source\gameplay</Filter>
    </ClCompile>
    <ClCompile Include="gameplay\Edge.cpp">
      <Filter>Source\gameplay</Filter>
    </ClCompile>
    <ClCompile Include="gameplay\Hole.cpp">
      <Filter>Source\gameplay</Filter>
    </ClCompile>
    <ClCompile Include="gameplay\Monitor.cpp">
      <Filter>Source\gameplay</Filter>
    </ClCompile>
    <ClCompile Include="gameplay\SceneMenu.cpp">
      <Filter>Source\gameplay</Filter>
    </ClCompile>
    <ClCompile Include="gameplay\SceneOne.cpp">
      <Filter>Source\gameplay</Filter>
    </ClCompile>
    <ClCompile Include="gameplay\ScenePlay.cpp">
      <Filter>Source\gameplay</Filter>
    </ClCompile>
    <ClCompile Include="graphics\BitmapMapClass.cpp">
      <Filter>Source\graphics</Filter>
    </ClCompile>
    <ClCompile Include="graphics\bitmapclass.cpp">
      <Filter>Source\graphics</Filter>
    </ClCompile>
  </ItemGroup>
  <ItemGroup>
    <None Include="shader\light.vs">
      <Filter>Resource\shader</Filter>
    </None>
    <None Include="shader\texture.ps">
      <Filter>Resource\shader</Filter>
    </None>
    <None Include="shader\texture.vs">
      <Filter>Resource\shader</Filter>
    </None>
    <None Include="shader\cartoon.ps">
      <Filter>Resource\shader</Filter>
    </None>
    <None Include="shader\cartoon.vs">
      <Filter>Resource\shader</Filter>
    </None>
    <None Include="shader\color.ps">
      <Filter>Resource\shader</Filter>
    </None>
    <None Include="shader\color.vs">
      <Filter>Resource\shader</Filter>
    </None>
    <None Include="shader\light.ps">
      <Filter>Resource\shader</Filter>
    </None>
    <None Include="shader\font.ps">
      <Filter>Resource\shader</Filter>
    </None>
    <None Include="shader\font.vs">
      <Filter>Resource\shader</Filter>
    </None>
  </ItemGroup>
  <ItemGroup>
    <Image Include="data\Ball3.dds">
      <Filter>Resource\data</Filter>
    </Image>
    <Image Include="data\Ball4.dds">
      <Filter>Resource\data</Filter>
    </Image>
    <Image Include="data\Ball5.dds">
      <Filter>Resource\data</Filter>
    </Image>
    <Image Include="data\Ball6.dds">
      <Filter>Resource\data</Filter>
    </Image>
    <Image Include="data\Ball7.dds">
      <Filter>Resource\data</Filter>
    </Image>
    <Image Include="data\Ball8.dds">
      <Filter>Resource\data</Filter>
    </Image>
    <Image Include="data\Ball9.dds">
      <Filter>Resource\data</Filter>
    </Image>
    <Image Include="data\Ball10.dds">
      <Filter>Resource\data</Filter>
    </Image>
    <Image Include="data\Ball11.dds">
      <Filter>Resource\data</Filter>
    </Image>
    <Image Include="data\Ball12.dds">
      <Filter>Resource\data</Filter>
    </Image>
    <Image Include="data\Ball13.dds">
      <Filter>Resource\data</Filter>
    </Image>
    <Image Include="data\Ball14.dds">
      <Filter>Resource\data</Filter>
    </Image>
    <Image Include="data\Ball15.dds">
      <Filter>Resource\data</Filter>
    </Image>
    <Image Include="data\Ball16.dds">
      <Filter>Resource\data</Filter>
    </Image>
    <Image Include="data\seafloor.dds">
      <Filter>Resource\data</Filter>
    </Image>
    <Image Include="data\Ball1.dds">
      <Filter>Resource\data</Filter>
    </Image>
    <Image Include="data\Ball2.dds">
      <Filter>Resource\data</Filter>
    </Image>
  </ItemGroup>
  <ItemGroup>
    <Text Include="data\cube.txt">
      <Filter>Resource\data</Filter>
    </Text>
    <Text Include="data\ball.txt">
      <Filter>Resource\data</Filter>
    </Text>
  </ItemGroup>
</Project>